Title: Circle Video
Author: David Jones
Email: support@contextu.al
TestApp: https://github.com/contextu-al/AirBnB-iOS
TestAppBranch: circle-video
Description: Show a very nice small popup video designed for a persons head explaining an App Feature
Acknowledgements:
Screenshot: 
Video: 
Extensibility: {
    "guideBlockKey": "CircleVideo",
    "vid_url": "https://www.youtube.com/embed/Y9ChGCY8Azk?si=aLGas88lnxI6g_jJ?autoplay=1",
    "circle_diameter":200
}


