Title: OpenCarousel
Author: Aamir Alvi
Contact: support@contextu.al
TestApp: https://github.com/contextu-al/AirBnB-iOS
TestAppBranch: open-carousel
Description: It will display `Carousel` or Onboarding Screens
Acknowledgements:
Screenshot:
Video: 
Registration: |
        In AppDelegate.swift file
            In delegate
            application(_ application: UIApplication, didFinishLaunchingWithOptions launchOptions: [UIApplicationLaunchOptionsKey: Any]?) -> Bool { .. }
            add Below line
            Contextual.sharedInstance().registerGuideBlock(OpenCarouselGuid(), forKey: "OpenCarousel")
        
Extensibility: {
  "guideBlockKey": "OpenCarousel"
}


